
Microsoft Visual Studio Solution File, Format Version 12.00
# Visual Studio Version 17
VisualStudioVersion = 17.8.34330.188
MinimumVisualStudioVersion = 10.0.40219.1
Project("{FAE04EC0-301F-11D3-BF4B-00C04F79EFBC}") = "sc7", "sc7\sc7.csproj", "{6369CCAA-47E2-4491-A975-755F81810341}"
EndProject
Global
	GlobalSection(SolutionConfigurationPlatforms) = preSolution
		Debug|Any CPU = Debug|Any CPU
		Release|Any CPU = Release|Any CPU
	EndGlobalSection
	GlobalSection(ProjectConfigurationPlatforms) = postSolution
		{6369CCAA-47E2-4491-A975-755F81810341}.Debug|Any CPU.ActiveCfg = Debug|Any CPU
		{6369CCAA-47E2-4491-A975-755F81810341}.Debug|Any CPU.Build.0 = Debug|Any CPU
		{6369CCAA-47E2-4491-A975-755F81810341}.Release|Any CPU.ActiveCfg = Release|Any CPU
		{6369CCAA-47E2-4491-A975-755F81810341}.Release|Any CPU.Build.0 = Release|Any CPU
	EndGlobalSection
	GlobalSection(SolutionProperties) = preSolution
		HideSolutionNode = FALSE
	EndGlobalSection
	GlobalSection(ExtensibilityGlobals) = postSolution
		SolutionGuid = {D7B0E10B-9840-4953-BD3E-E819BE7668A3}
	EndGlobalSection
EndGlobal
